
Microsoft Visual Studio Solution File, Format Version 12.00
# Visual Studio Version 17
VisualStudioVersion = 17.2.32526.322
MinimumVisualStudioVersion = 10.0.40219.1
Project("{FAE04EC0-301F-11D3-BF4B-00C04F79EFBC}") = "Calculator.exe", "Calculator.exe\Calculator.exe.csproj", "{7E38545C-8F9B-4407-A437-9264A62A5E65}"
EndProject
Global
	GlobalSection(SolutionConfigurationPlatforms) = preSolution
		Debug|Any CPU = Debug|Any CPU
		Release|Any CPU = Release|Any CPU
	EndGlobalSection
	GlobalSection(ProjectConfigurationPlatforms) = postSolution
		{7E38545C-8F9B-4407-A437-9264A62A5E65}.Debug|Any CPU.ActiveCfg = Debug|Any CPU
		{7E38545C-8F9B-4407-A437-9264A62A5E65}.Debug|Any CPU.Build.0 = Debug|Any CPU
		{7E38545C-8F9B-4407-A437-9264A62A5E65}.Release|Any CPU.ActiveCfg = Release|Any CPU
		{7E38545C-8F9B-4407-A437-9264A62A5E65}.Release|Any CPU.Build.0 = Release|Any CPU
	EndGlobalSection
	GlobalSection(SolutionProperties) = preSolution
		HideSolutionNode = FALSE
	EndGlobalSection
	GlobalSection(ExtensibilityGlobals) = postSolution
		SolutionGuid = {3CFEAF80-5254-4C64-A14F-AB0E305C2703}
	EndGlobalSection
EndGlobal
